
Microsoft Visual Studio Solution File, Format Version 12.00
# Visual Studio 15
VisualStudioVersion = 15.0.28307.705
MinimumVisualStudioVersion = 10.0.40219.1
Project("{FAE04EC0-301F-11D3-BF4B-00C04F79EFBC}") = "AdvancedProgrammingProject1", "AdvancedProgrammingProject1\AdvancedProgrammingProject1.csproj", "{7AFB2C00-B528-4BA7-A977-FAD77089D052}"
EndProject
Global
	GlobalSection(SolutionConfigurationPlatforms) = preSolution
		Debug|Any CPU = Debug|Any CPU
		Release|Any CPU = Release|Any CPU
	EndGlobalSection
	GlobalSection(ProjectConfigurationPlatforms) = postSolution
		{7AFB2C00-B528-4BA7-A977-FAD77089D052}.Debug|Any CPU.ActiveCfg = Debug|Any CPU
		{7AFB2C00-B528-4BA7-A977-FAD77089D052}.Debug|Any CPU.Build.0 = Debug|Any CPU
		{7AFB2C00-B528-4BA7-A977-FAD77089D052}.Release|Any CPU.ActiveCfg = Release|Any CPU
		{7AFB2C00-B528-4BA7-A977-FAD77089D052}.Release|Any CPU.Build.0 = Release|Any CPU
	EndGlobalSection
	GlobalSection(SolutionProperties) = preSolution
		HideSolutionNode = FALSE
	EndGlobalSection
	GlobalSection(ExtensibilityGlobals) = postSolution
		SolutionGuid = {E600992E-CC39-46AA-A448-A5B51026584E}
	EndGlobalSection
EndGlobal
